PODS:
  - Stripe (10.1.0)
  - WARangeSlider (1.1.1)

DEPENDENCIES:
  - Stripe
  - WARangeSlider

SPEC CHECKSUMS:
  Stripe: 1c7aa951a075cced500a919d92b687b35d410705
  WARangeSlider: 54b3e0853b8d16c444fd539005901aecee86837d

PODFILE CHECKSUM: effba396e7bf76818f03b739a2a7317897a9904c

COCOAPODS: 1.1.1
