// !$*UTF8*$!
{
	archiveVersion = 1;
	classes = {
	};
	objectVersion = 46;
	objects = {

/* Begin PBXBuildFile section */
		75C69757833AB1380F1B3E0B /* Pods_Binder.framework in Frameworks */ = {isa = PBXBuildFile; fileRef = 6246656289EA83EB0FD0CEE1 /* Pods_Binder.framework */; };
		B8502D2B1E8BEA940035AE5F /* AppDelegate.swift in Sources */ = {isa = PBXBuildFile; fileRef = B8502D2A1E8BEA940035AE5F /* AppDelegate.swift */; };
		B8502D321E8BEA940035AE5F /* Main.storyboard in Resources */ = {isa = PBXBuildFile; fileRef = B8502D301E8BEA940035AE5F /* Main.storyboard */; };
		B8502D341E8BEA940035AE5F /* Assets.xcassets in Resources */ = {isa = PBXBuildFile; fileRef = B8502D331E8BEA940035AE5F /* Assets.xcassets */; };
		B8502D371E8BEA940035AE5F /* LaunchScreen.storyboard in Resources */ = {isa = PBXBuildFile; fileRef = B8502D351E8BEA940035AE5F /* LaunchScreen.storyboard */; };
		B8502D421E8BEA940035AE5F /* BinderTests.swift in Sources */ = {isa = PBXBuildFile; fileRef = B8502D411E8BEA940035AE5F /* BinderTests.swift */; };
		B8502D4D1E8BEA940035AE5F /* BinderUITests.swift in Sources */ = {isa = PBXBuildFile; fileRef = B8502D4C1E8BEA940035AE5F /* BinderUITests.swift */; };
		B8750B111EB9FC49003B8FE4 /* ConnectionView.swift in Sources */ = {isa = PBXBuildFile; fileRef = B8750B101EB9FC49003B8FE4 /* ConnectionView.swift */; };
		B8CE05C81EC486020099D7CC /* GoogleService-Info.plist in Resources */ = {isa = PBXBuildFile; fileRef = B8CE05C71EC486020099D7CC /* GoogleService-Info.plist */; };
		EC37F6C51EB9BF14002718B1 /* Conversation.swift in Sources */ = {isa = PBXBuildFile; fileRef = EC37F6C41EB9BF14002718B1 /* Conversation.swift */; };
		EC96E19F1E953D3700E2AD1D /* SettingsView.swift in Sources */ = {isa = PBXBuildFile; fileRef = EC96E19E1E953D3600E2AD1D /* SettingsView.swift */; };
		EC96E1A11E953D4800E2AD1D /* ConversationsView.swift in Sources */ = {isa = PBXBuildFile; fileRef = EC96E1A01E953D4800E2AD1D /* ConversationsView.swift */; };
		EC96E1A31E953D5400E2AD1D /* HomeView.swift in Sources */ = {isa = PBXBuildFile; fileRef = EC96E1A21E953D5400E2AD1D /* HomeView.swift */; };
		EC96E1A51E953D6000E2AD1D /* AccountView.swift in Sources */ = {isa = PBXBuildFile; fileRef = EC96E1A41E953D6000E2AD1D /* AccountView.swift */; };
		EC9E47E61EBA2EE7004DD7D0 /* GoogleService-Info.plist in Resources */ = {isa = PBXBuildFile; fileRef = EC9E47E51EBA2EE7004DD7D0 /* GoogleService-Info.plist */; };
		ECD6C7661EBA0754005B25BF /* ConversationCellView.swift in Sources */ = {isa = PBXBuildFile; fileRef = ECD6C7651EBA0754005B25BF /* ConversationCellView.swift */; };
		ECD6C7681EBA091F005B25BF /* R.generated.swift in Sources */ = {isa = PBXBuildFile; fileRef = ECD6C7671EBA091F005B25BF /* R.generated.swift */; };
		ECD6C76A1EBA1BBF005B25BF /* ChatViewController.swift in Sources */ = {isa = PBXBuildFile; fileRef = ECD6C7691EBA1BBF005B25BF /* ChatViewController.swift */; };
/* End PBXBuildFile section */

/* Begin PBXFileReference section */
		314FCFB2CA0E76F10BCC04BC /* Pods-Binder.release.xcconfig */ = {isa = PBXFileReference; includeInIndex = 1; lastKnownFileType = text.xcconfig; name = "Pods-Binder.release.xcconfig"; path = "Pods/Target Support Files/Pods-Binder/Pods-Binder.release.xcconfig"; sourceTree = "<group>"; };
		6246656289EA83EB0FD0CEE1 /* Pods_Binder.framework */ = {isa = PBXFileReference; explicitFileType = wrapper.framework; includeInIndex = 0; path = Pods_Binder.framework; sourceTree = BUILT_PRODUCTS_DIR; };
		A4A399467A754C9E9C2FD4D8 /* Pods-Binder.debug.xcconfig */ = {isa = PBXFileReference; includeInIndex = 1; lastKnownFileType = text.xcconfig; name = "Pods-Binder.debug.xcconfig"; path = "Pods/Target Support Files/Pods-Binder/Pods-Binder.debug.xcconfig"; sourceTree = "<group>"; };
		B8502D271E8BEA940035AE5F /* Binder.app */ = {isa = PBXFileReference; explicitFileType = wrapper.application; includeInIndex = 0; path = Binder.app; sourceTree = BUILT_PRODUCTS_DIR; };
		B8502D2A1E8BEA940035AE5F /* AppDelegate.swift */ = {isa = PBXFileReference; lastKnownFileType = sourcecode.swift; path = AppDelegate.swift; sourceTree = "<group>"; };
		B8502D311E8BEA940035AE5F /* Base */ = {isa = PBXFileReference; lastKnownFileType = file.storyboard; name = Base; path = Base.lproj/Main.storyboard; sourceTree = "<group>"; };
		B8502D331E8BEA940035AE5F /* Assets.xcassets */ = {isa = PBXFileReference; lastKnownFileType = folder.assetcatalog; path = Assets.xcassets; sourceTree = "<group>"; };
		B8502D361E8BEA940035AE5F /* Base */ = {isa = PBXFileReference; lastKnownFileType = file.storyboard; name = Base; path = Base.lproj/LaunchScreen.storyboard; sourceTree = "<group>"; };
		B8502D381E8BEA940035AE5F /* Info.plist */ = {isa = PBXFileReference; lastKnownFileType = text.plist.xml; path = Info.plist; sourceTree = "<group>"; };
		B8502D3D1E8BEA940035AE5F /* BinderTests.xctest */ = {isa = PBXFileReference; explicitFileType = wrapper.cfbundle; includeInIndex = 0; path = BinderTests.xctest; sourceTree = BUILT_PRODUCTS_DIR; };
		B8502D411E8BEA940035AE5F /* BinderTests.swift */ = {isa = PBXFileReference; lastKnownFileType = sourcecode.swift; path = BinderTests.swift; sourceTree = "<group>"; };
		B8502D431E8BEA940035AE5F /* Info.plist */ = {isa = PBXFileReference; lastKnownFileType = text.plist.xml; path = Info.plist; sourceTree = "<group>"; };
		B8502D481E8BEA940035AE5F /* BinderUITests.xctest */ = {isa = PBXFileReference; explicitFileType = wrapper.cfbundle; includeInIndex = 0; path = BinderUITests.xctest; sourceTree = BUILT_PRODUCTS_DIR; };
		B8502D4C1E8BEA940035AE5F /* BinderUITests.swift */ = {isa = PBXFileReference; lastKnownFileType = sourcecode.swift; path = BinderUITests.swift; sourceTree = "<group>"; };
		B8502D4E1E8BEA940035AE5F /* Info.plist */ = {isa = PBXFileReference; lastKnownFileType = text.plist.xml; path = Info.plist; sourceTree = "<group>"; };
		B8750B101EB9FC49003B8FE4 /* ConnectionView.swift */ = {isa = PBXFileReference; fileEncoding = 4; lastKnownFileType = sourcecode.swift; path = ConnectionView.swift; sourceTree = "<group>"; };
		B8CE05C71EC486020099D7CC /* GoogleService-Info.plist */ = {isa = PBXFileReference; fileEncoding = 4; lastKnownFileType = text.plist.xml; path = "GoogleService-Info.plist"; sourceTree = "<group>"; };
		C5934EBCA83B122B2EF1836D /* Pods_BinderUITests.framework */ = {isa = PBXFileReference; explicitFileType = wrapper.framework; includeInIndex = 0; path = Pods_BinderUITests.framework; sourceTree = BUILT_PRODUCTS_DIR; };
		EC37F6C41EB9BF14002718B1 /* Conversation.swift */ = {isa = PBXFileReference; fileEncoding = 4; lastKnownFileType = sourcecode.swift; path = Conversation.swift; sourceTree = "<group>"; };
		EC96E19E1E953D3600E2AD1D /* SettingsView.swift */ = {isa = PBXFileReference; fileEncoding = 4; lastKnownFileType = sourcecode.swift; path = SettingsView.swift; sourceTree = "<group>"; };
		EC96E1A01E953D4800E2AD1D /* ConversationsView.swift */ = {isa = PBXFileReference; fileEncoding = 4; lastKnownFileType = sourcecode.swift; path = ConversationsView.swift; sourceTree = "<group>"; };
		EC96E1A21E953D5400E2AD1D /* HomeView.swift */ = {isa = PBXFileReference; fileEncoding = 4; lastKnownFileType = sourcecode.swift; path = HomeView.swift; sourceTree = "<group>"; };
		EC96E1A41E953D6000E2AD1D /* AccountView.swift */ = {isa = PBXFileReference; fileEncoding = 4; lastKnownFileType = sourcecode.swift; path = AccountView.swift; sourceTree = "<group>"; };
		EC9E47E51EBA2EE7004DD7D0 /* GoogleService-Info.plist */ = {isa = PBXFileReference; fileEncoding = 4; lastKnownFileType = text.plist.xml; path = "GoogleService-Info.plist"; sourceTree = "<group>"; };
		ECD6C7651EBA0754005B25BF /* ConversationCellView.swift */ = {isa = PBXFileReference; fileEncoding = 4; lastKnownFileType = sourcecode.swift; path = ConversationCellView.swift; sourceTree = "<group>"; };
		ECD6C7671EBA091F005B25BF /* R.generated.swift */ = {isa = PBXFileReference; fileEncoding = 4; lastKnownFileType = sourcecode.swift; path = R.generated.swift; sourceTree = "<group>"; };
		ECD6C7691EBA1BBF005B25BF /* ChatViewController.swift */ = {isa = PBXFileReference; fileEncoding = 4; lastKnownFileType = sourcecode.swift; path = ChatViewController.swift; sourceTree = "<group>"; };
/* End PBXFileReference section */

/* Begin PBXFrameworksBuildPhase section */
		B8502D241E8BEA920035AE5F /* Frameworks */ = {
			isa = PBXFrameworksBuildPhase;
			buildActionMask = 2147483647;
			files = (
				75C69757833AB1380F1B3E0B /* Pods_Binder.framework in Frameworks */,
			);
			runOnlyForDeploymentPostprocessing = 0;
		};
/* End PBXFrameworksBuildPhase section */

/* Begin PBXGroup section */
		225868F96B7C35554071AB8D /* Frameworks */ = {
			isa = PBXGroup;
			children = (
				6246656289EA83EB0FD0CEE1 /* Pods_Binder.framework */,
			);
			name = Frameworks;
			sourceTree = "<group>";
		};
		7CBD2077A0C6914BD6A38BB1 /* Messages */ = {
			isa = PBXGroup;
			children = (
				7CBD25FA93CBF2D380835B27 /* View */,
			);
			path = Messages;
			sourceTree = "<group>";
		};
		7CBD23A72788B0396B4AED8A /* View */ = {
			isa = PBXGroup;
			children = (
				EC96E19E1E953D3600E2AD1D /* SettingsView.swift */,
			);
			path = View;
			sourceTree = "<group>";
		};
		7CBD23F6846A243A18F76311 /* Home */ = {
			isa = PBXGroup;
			children = (
				7CBD24FBA9081DE301FCC8FD /* View */,
			);
			path = Home;
			sourceTree = "<group>";
		};
		7CBD249ACB47A15B4ECE2D65 /* Account */ = {
			isa = PBXGroup;
			children = (
				7CBD2850F4A1272B23ED3623 /* View */,
			);
			path = Account;
			sourceTree = "<group>";
		};
		7CBD24FBA9081DE301FCC8FD /* View */ = {
			isa = PBXGroup;
			children = (
				EC96E1A21E953D5400E2AD1D /* HomeView.swift */,
			);
			path = View;
			sourceTree = "<group>";
		};
		7CBD25FA93CBF2D380835B27 /* View */ = {
			isa = PBXGroup;
			children = (
				ECD6C7691EBA1BBF005B25BF /* ChatViewController.swift */,
				ECD6C7651EBA0754005B25BF /* ConversationCellView.swift */,
				EC96E1A01E953D4800E2AD1D /* ConversationsView.swift */,
			);
			path = View;
			sourceTree = "<group>";
		};
		7CBD2850F4A1272B23ED3623 /* View */ = {
			isa = PBXGroup;
			children = (
				EC96E1A41E953D6000E2AD1D /* AccountView.swift */,
			);
			path = View;
			sourceTree = "<group>";
		};
		7CBD2FB0CD5EDEC8030A39F5 /* Settings */ = {
			isa = PBXGroup;
			children = (
				7CBD23A72788B0396B4AED8A /* View */,
			);
			path = Settings;
			sourceTree = "<group>";
		};
		B8502D1E1E8BEA920035AE5F = {
			isa = PBXGroup;
			children = (
				B8502D291E8BEA940035AE5F /* Binder */,
				225868F96B7C35554071AB8D /* Frameworks */,
				EA52F93BBC2AB16900B53986 /* Pods */,
				B8502D281E8BEA940035AE5F /* Products */,
			);
			sourceTree = "<group>";
		};
		B8502D281E8BEA940035AE5F /* Products */ = {
			isa = PBXGroup;
			children = (
				B8502D271E8BEA940035AE5F /* Binder.app */,
			);
			name = Products;
			sourceTree = "<group>";
		};
		B8502D291E8BEA940035AE5F /* Binder */ = {
			isa = PBXGroup;
			children = (
				7CBD249ACB47A15B4ECE2D65 /* Account */,
				7CBD23F6846A243A18F76311 /* Home */,
				B8750B0D1EB9FB15003B8FE4 /* Login */,
				7CBD2077A0C6914BD6A38BB1 /* Messages */,
				7CBD2FB0CD5EDEC8030A39F5 /* Settings */,
				B8502D2A1E8BEA940035AE5F /* AppDelegate.swift */,
				B8502D331E8BEA940035AE5F /* Assets.xcassets */,
				B8CE05C71EC486020099D7CC /* GoogleService-Info.plist */,
				ECD6C7631EBA05EE005B25BF /* Application */,
				EC37F6C31EB9BEF8002718B1 /* Models */,
				ECD6C7641EBA0600005B25BF /* Modules */,
				ECD6C7621EBA0547005B25BF /* Ressources */,
			);
			path = Binder;
			sourceTree = "<group>";
		};
		EA52F93BBC2AB16900B53986 /* Pods */ = {
			isa = PBXGroup;
			children = (
				A4A399467A754C9E9C2FD4D8 /* Pods-Binder.debug.xcconfig */,
				314FCFB2CA0E76F10BCC04BC /* Pods-Binder.release.xcconfig */,
			);
			name = Pods;
			sourceTree = "<group>";
		};
		EC37F6C31EB9BEF8002718B1 /* Models */ = {
			isa = PBXGroup;
			children = (
				EC37F6C41EB9BF14002718B1 /* Conversation.swift */,
			);
			path = Models;
			sourceTree = "<group>";
		};
		ECD6C7621EBA0547005B25BF /* Ressources */ = {
			isa = PBXGroup;
			children = (
				B8502D331E8BEA940035AE5F /* Assets.xcassets */,
				EC9E47E51EBA2EE7004DD7D0 /* GoogleService-Info.plist */,
				B8502D381E8BEA940035AE5F /* Info.plist */,
				B8502D351E8BEA940035AE5F /* LaunchScreen.storyboard */,
				B8502D301E8BEA940035AE5F /* Main.storyboard */,
				ECD6C7671EBA091F005B25BF /* R.generated.swift */,
			);
			path = Ressources;
			sourceTree = "<group>";
		};
		ECD6C7631EBA05EE005B25BF /* Application */ = {
			isa = PBXGroup;
			children = (
				B8502D2A1E8BEA940035AE5F /* AppDelegate.swift */,
			);
			path = Application;
			sourceTree = "<group>";
		};
		ECD6C7641EBA0600005B25BF /* Modules */ = {
			isa = PBXGroup;
			children = (
				7CBD249ACB47A15B4ECE2D65 /* Account */,
				7CBD23F6846A243A18F76311 /* Home */,
				7CBD2077A0C6914BD6A38BB1 /* Messages */,
				7CBD2FB0CD5EDEC8030A39F5 /* Settings */,
			);
			path = Modules;
			sourceTree = "<group>";
		};
		B8750B0D1EB9FB15003B8FE4 /* Login */ = {
			isa = PBXGroup;
			children = (
				B8750B101EB9FC49003B8FE4 /* ConnectionView.swift */,
			);
			name = Login;
			path = Login;
			sourceTree = "<group>";
		};
/* End PBXGroup section */

/* Begin PBXHeadersBuildPhase section */
		ECD6C7611EBA0510005B25BF /* Headers */ = {
			isa = PBXHeadersBuildPhase;
			buildActionMask = 2147483647;
			files = (
			);
			runOnlyForDeploymentPostprocessing = 0;
		};
/* End PBXHeadersBuildPhase section */

/* Begin PBXNativeTarget section */
		B8502D261E8BEA920035AE5F /* Binder */ = {
			isa = PBXNativeTarget;
			buildConfigurationList = B8502D511E8BEA940035AE5F /* Build configuration list for PBXNativeTarget "Binder" */;
			buildPhases = (
				210F4CD0D993AA4A09B4EED1 /* [CP] Check Pods Manifest.lock */,
				ECD6C7601EBA04F2005B25BF /* Run Script Ressources */,
				B8502D231E8BEA920035AE5F /* Sources */,
				B8502D241E8BEA920035AE5F /* Frameworks */,
				B8502D251E8BEA920035AE5F /* Resources */,
				1C909BD4C76D1BEDF2E2F667 /* [CP] Embed Pods Frameworks */,
				2D2174DD3E7FFD7536BCDF95 /* [CP] Copy Pods Resources */,
				ECD6C7611EBA0510005B25BF /* Headers */,
			);
			buildRules = (
			);
			dependencies = (
			);
			name = Binder;
			productName = Binder;
			productReference = B8502D271E8BEA940035AE5F /* Binder.app */;
			productType = "com.apple.product-type.application";
		};
/* End PBXNativeTarget section */

/* Begin PBXProject section */
		B8502D1F1E8BEA920035AE5F /* Project object */ = {
			isa = PBXProject;
			attributes = {
				LastSwiftUpdateCheck = 0800;
				LastUpgradeCheck = 0830;
				ORGANIZATIONNAME = iem;
				TargetAttributes = {
					B8502D261E8BEA920035AE5F = {
						CreatedOnToolsVersion = 8.0;
						DevelopmentTeam = T642JG97K3;
						ProvisioningStyle = Automatic;
					};
				};
			};
			buildConfigurationList = B8502D221E8BEA920035AE5F /* Build configuration list for PBXProject "Binder" */;
			compatibilityVersion = "Xcode 3.2";
			developmentRegion = English;
			hasScannedForEncodings = 0;
			knownRegions = (
				en,
				Base,
			);
			mainGroup = B8502D1E1E8BEA920035AE5F;
			productRefGroup = B8502D281E8BEA940035AE5F /* Products */;
			projectDirPath = "";
			projectRoot = "";
			targets = (
				B8502D261E8BEA920035AE5F /* Binder */,
			);
		};
/* End PBXProject section */

/* Begin PBXResourcesBuildPhase section */
		B8502D251E8BEA920035AE5F /* Resources */ = {
			isa = PBXResourcesBuildPhase;
			buildActionMask = 2147483647;
			files = (
				B8502D371E8BEA940035AE5F /* LaunchScreen.storyboard in Resources */,
				EC9E47E61EBA2EE7004DD7D0 /* GoogleService-Info.plist in Resources */,
				B8502D341E8BEA940035AE5F /* Assets.xcassets in Resources */,
				B8502D321E8BEA940035AE5F /* Main.storyboard in Resources */,
			);
			runOnlyForDeploymentPostprocessing = 0;
		};
/* End PBXResourcesBuildPhase section */

/* Begin PBXShellScriptBuildPhase section */
		0552498B991F03A2CFA5270C /* [CP] Copy Pods Resources */ = {
			isa = PBXShellScriptBuildPhase;
			buildActionMask = 2147483647;
			files = (
			);
			inputPaths = (
			);
			name = "[CP] Copy Pods Resources";
			outputPaths = (
			);
			runOnlyForDeploymentPostprocessing = 0;
			shellPath = /bin/sh;
			shellScript = "\"${SRCROOT}/Pods/Target Support Files/Pods-BinderUITests/Pods-BinderUITests-resources.sh\"\n";
			showEnvVarsInLog = 0;
		};
		0D09AF0F4FF456B66CA8BD84 /* [CP] Check Pods Manifest.lock */ = {
			isa = PBXShellScriptBuildPhase;
			buildActionMask = 2147483647;
			files = (
			);
			inputPaths = (
			);
			name = "[CP] Check Pods Manifest.lock";
			outputPaths = (
			);
			runOnlyForDeploymentPostprocessing = 0;
			shellPath = /bin/sh;
			shellScript = "diff \"${PODS_PODFILE_DIR_PATH}/Podfile.lock\" \"${PODS_ROOT}/Manifest.lock\" > /dev/null\nif [ $? != 0 ] ; then\n    # print error to STDERR\n    echo \"error: The sandbox is not in sync with the Podfile.lock. Run 'pod install' or update your CocoaPods installation.\" >&2\n    exit 1\nfi\n";
			showEnvVarsInLog = 0;
		};
		1C909BD4C76D1BEDF2E2F667 /* [CP] Embed Pods Frameworks */ = {
			isa = PBXShellScriptBuildPhase;
			buildActionMask = 2147483647;
			files = (
			);
			inputPaths = (
			);
			name = "[CP] Embed Pods Frameworks";
			outputPaths = (
			);
			runOnlyForDeploymentPostprocessing = 0;
			shellPath = /bin/sh;
			shellScript = "\"${SRCROOT}/Pods/Target Support Files/Pods-Binder/Pods-Binder-frameworks.sh\"\n";
			showEnvVarsInLog = 0;
		};
		210F4CD0D993AA4A09B4EED1 /* [CP] Check Pods Manifest.lock */ = {
			isa = PBXShellScriptBuildPhase;
			buildActionMask = 2147483647;
			files = (
			);
			inputPaths = (
			);
			name = "[CP] Check Pods Manifest.lock";
			outputPaths = (
			);
			runOnlyForDeploymentPostprocessing = 0;
			shellPath = /bin/sh;
			shellScript = "diff \"${PODS_PODFILE_DIR_PATH}/Podfile.lock\" \"${PODS_ROOT}/Manifest.lock\" > /dev/null\nif [ $? != 0 ] ; then\n    # print error to STDERR\n    echo \"error: The sandbox is not in sync with the Podfile.lock. Run 'pod install' or update your CocoaPods installation.\" >&2\n    exit 1\nfi\n";
			showEnvVarsInLog = 0;
		};
		2D2174DD3E7FFD7536BCDF95 /* [CP] Copy Pods Resources */ = {
			isa = PBXShellScriptBuildPhase;
			buildActionMask = 2147483647;
			files = (
			);
			inputPaths = (
			);
			name = "[CP] Copy Pods Resources";
			outputPaths = (
			);
			runOnlyForDeploymentPostprocessing = 0;
			shellPath = /bin/sh;
			shellScript = "\"${SRCROOT}/Pods/Target Support Files/Pods-Binder/Pods-Binder-resources.sh\"\n";
			showEnvVarsInLog = 0;
		};
		ECD6C7601EBA04F2005B25BF /* Run Script Ressources */ = {
			isa = PBXShellScriptBuildPhase;
			buildActionMask = 2147483647;
			files = (
			);
			inputPaths = (
			);
			name = "Run Script Ressources";
			outputPaths = (
			);
			runOnlyForDeploymentPostprocessing = 0;
			shellPath = /bin/sh;
			shellScript = "diff \"${PODS_PODFILE_DIR_PATH}/Podfile.lock\" \"${PODS_ROOT}/Manifest.lock\" > /dev/null\nif [ $? != 0 ] ; then\n    # print error to STDERR\n    echo \"error: The sandbox is not in sync with the Podfile.lock. Run 'pod install' or update your CocoaPods installation.\" >&2\n    exit 1\nfi\n";
			showEnvVarsInLog = 0;
		};
/* End PBXShellScriptBuildPhase section */

/* Begin PBXSourcesBuildPhase section */
		B8502D231E8BEA920035AE5F /* Sources */ = {
			isa = PBXSourcesBuildPhase;
			buildActionMask = 2147483647;
			files = (
				ECD6C7661EBA0754005B25BF /* ConversationCellView.swift in Sources */,
				B8502D2B1E8BEA940035AE5F /* AppDelegate.swift in Sources */,
				EC96E1A31E953D5400E2AD1D /* HomeView.swift in Sources */,
				ECD6C76A1EBA1BBF005B25BF /* ChatViewController.swift in Sources */,
				ECD6C7681EBA091F005B25BF /* R.generated.swift in Sources */,
				EC96E19F1E953D3700E2AD1D /* SettingsView.swift in Sources */,
				EC96E1A11E953D4800E2AD1D /* MessagesView.swift in Sources */,
				B8750B111EB9FC49003B8FE4 /* ConnectionView.swift in Sources */,
				EC37F6C51EB9BF14002718B1 /* Conversation.swift in Sources */,
				EC96E1A11E953D4800E2AD1D /* ConversationsView.swift in Sources */,
				EC96E1A51E953D6000E2AD1D /* AccountView.swift in Sources */,
			);
			runOnlyForDeploymentPostprocessing = 0;
		};
/* End PBXSourcesBuildPhase section */

/* Begin PBXVariantGroup section */
		B8502D301E8BEA940035AE5F /* Main.storyboard */ = {
			isa = PBXVariantGroup;
			children = (
				B8502D311E8BEA940035AE5F /* Base */,
			);
			name = Main.storyboard;
			path = .;
			sourceTree = "<group>";
		};
		B8502D351E8BEA940035AE5F /* LaunchScreen.storyboard */ = {
			isa = PBXVariantGroup;
			children = (
				B8502D361E8BEA940035AE5F /* Base */,
			);
			name = LaunchScreen.storyboard;
			path = .;
			sourceTree = "<group>";
		};
/* End PBXVariantGroup section */

/* Begin XCBuildConfiguration section */
		B8502D4F1E8BEA940035AE5F /* Debug */ = {
			isa = XCBuildConfiguration;
			buildSettings = {
				ALWAYS_SEARCH_USER_PATHS = NO;
				CLANG_ANALYZER_NONNULL = YES;
				CLANG_CXX_LANGUAGE_STANDARD = "gnu++0x";
				CLANG_CXX_LIBRARY = "libc++";
				CLANG_ENABLE_MODULES = YES;
				CLANG_ENABLE_OBJC_ARC = YES;
				CLANG_WARN_BOOL_CONVERSION = YES;
				CLANG_WARN_CONSTANT_CONVERSION = YES;
				CLANG_WARN_DIRECT_OBJC_ISA_USAGE = YES_ERROR;
				CLANG_WARN_DOCUMENTATION_COMMENTS = YES;
				CLANG_WARN_EMPTY_BODY = YES;
				CLANG_WARN_ENUM_CONVERSION = YES;
				CLANG_WARN_INFINITE_RECURSION = YES;
				CLANG_WARN_INT_CONVERSION = YES;
				CLANG_WARN_OBJC_ROOT_CLASS = YES_ERROR;
				CLANG_WARN_SUSPICIOUS_MOVE = YES;
				CLANG_WARN_SUSPICIOUS_MOVES = YES;
				CLANG_WARN_UNREACHABLE_CODE = YES;
				CLANG_WARN__DUPLICATE_METHOD_MATCH = YES;
				"CODE_SIGN_IDENTITY[sdk=iphoneos*]" = "iPhone Developer";
				COPY_PHASE_STRIP = NO;
				DEBUG_INFORMATION_FORMAT = dwarf;
				ENABLE_STRICT_OBJC_MSGSEND = YES;
				ENABLE_TESTABILITY = YES;
				GCC_C_LANGUAGE_STANDARD = gnu99;
				GCC_DYNAMIC_NO_PIC = NO;
				GCC_NO_COMMON_BLOCKS = YES;
				GCC_OPTIMIZATION_LEVEL = 0;
				GCC_PREPROCESSOR_DEFINITIONS = (
					"DEBUG=1",
					"$(inherited)",
				);
				GCC_WARN_64_TO_32_BIT_CONVERSION = YES;
				GCC_WARN_ABOUT_RETURN_TYPE = YES_ERROR;
				GCC_WARN_UNDECLARED_SELECTOR = YES;
				GCC_WARN_UNINITIALIZED_AUTOS = YES_AGGRESSIVE;
				GCC_WARN_UNUSED_FUNCTION = YES;
				GCC_WARN_UNUSED_VARIABLE = YES;
				IPHONEOS_DEPLOYMENT_TARGET = 10.0;
				MTL_ENABLE_DEBUG_INFO = YES;
				ONLY_ACTIVE_ARCH = YES;
				SDKROOT = iphoneos;
				SWIFT_ACTIVE_COMPILATION_CONDITIONS = DEBUG;
				SWIFT_OPTIMIZATION_LEVEL = "-Onone";
			};
			name = Debug;
		};
		B8502D501E8BEA940035AE5F /* Release */ = {
			isa = XCBuildConfiguration;
			buildSettings = {
				ALWAYS_SEARCH_USER_PATHS = NO;
				CLANG_ANALYZER_NONNULL = YES;
				CLANG_CXX_LANGUAGE_STANDARD = "gnu++0x";
				CLANG_CXX_LIBRARY = "libc++";
				CLANG_ENABLE_MODULES = YES;
				CLANG_ENABLE_OBJC_ARC = YES;
				CLANG_WARN_BOOL_CONVERSION = YES;
				CLANG_WARN_CONSTANT_CONVERSION = YES;
				CLANG_WARN_DIRECT_OBJC_ISA_USAGE = YES_ERROR;
				CLANG_WARN_DOCUMENTATION_COMMENTS = YES;
				CLANG_WARN_EMPTY_BODY = YES;
				CLANG_WARN_ENUM_CONVERSION = YES;
				CLANG_WARN_INFINITE_RECURSION = YES;
				CLANG_WARN_INT_CONVERSION = YES;
				CLANG_WARN_OBJC_ROOT_CLASS = YES_ERROR;
				CLANG_WARN_SUSPICIOUS_MOVE = YES;
				CLANG_WARN_SUSPICIOUS_MOVES = YES;
				CLANG_WARN_UNREACHABLE_CODE = YES;
				CLANG_WARN__DUPLICATE_METHOD_MATCH = YES;
				"CODE_SIGN_IDENTITY[sdk=iphoneos*]" = "iPhone Developer";
				COPY_PHASE_STRIP = NO;
				DEBUG_INFORMATION_FORMAT = "dwarf-with-dsym";
				ENABLE_NS_ASSERTIONS = NO;
				ENABLE_STRICT_OBJC_MSGSEND = YES;
				GCC_C_LANGUAGE_STANDARD = gnu99;
				GCC_NO_COMMON_BLOCKS = YES;
				GCC_WARN_64_TO_32_BIT_CONVERSION = YES;
				GCC_WARN_ABOUT_RETURN_TYPE = YES_ERROR;
				GCC_WARN_UNDECLARED_SELECTOR = YES;
				GCC_WARN_UNINITIALIZED_AUTOS = YES_AGGRESSIVE;
				GCC_WARN_UNUSED_FUNCTION = YES;
				GCC_WARN_UNUSED_VARIABLE = YES;
				IPHONEOS_DEPLOYMENT_TARGET = 10.0;
				MTL_ENABLE_DEBUG_INFO = NO;
				SDKROOT = iphoneos;
				SWIFT_OPTIMIZATION_LEVEL = "-Owholemodule";
				VALIDATE_PRODUCT = YES;
			};
			name = Release;
		};
		B8502D521E8BEA940035AE5F /* Debug */ = {
			isa = XCBuildConfiguration;
			baseConfigurationReference = A4A399467A754C9E9C2FD4D8 /* Pods-Binder.debug.xcconfig */;
			buildSettings = {
				ALWAYS_EMBED_SWIFT_STANDARD_LIBRARIES = YES;
				ASSETCATALOG_COMPILER_APPICON_NAME = AppIcon;
				"CODE_SIGN_IDENTITY[sdk=iphoneos*]" = "iPhone Developer";
				DEVELOPMENT_TEAM = C546876H5V;
				INFOPLIST_FILE = "$(SRCROOT)/Binder/Ressources/Info.plist";
				IPHONEOS_DEPLOYMENT_TARGET = 9.0;
				LD_RUNPATH_SEARCH_PATHS = "$(inherited) @executable_path/Frameworks";
				PRODUCT_BUNDLE_IDENTIFIER = "fr.univ-lyon1.Binder";
				PRODUCT_NAME = "$(TARGET_NAME)";
				SWIFT_VERSION = 3.0;
				TARGETED_DEVICE_FAMILY = "1,2";
			};
			name = Debug;
		};
		B8502D531E8BEA940035AE5F /* Release */ = {
			isa = XCBuildConfiguration;
			baseConfigurationReference = 314FCFB2CA0E76F10BCC04BC /* Pods-Binder.release.xcconfig */;
			buildSettings = {
				ALWAYS_EMBED_SWIFT_STANDARD_LIBRARIES = YES;
				ASSETCATALOG_COMPILER_APPICON_NAME = AppIcon;
				"CODE_SIGN_IDENTITY[sdk=iphoneos*]" = "iPhone Developer";
				DEVELOPMENT_TEAM = C546876H5V;
				INFOPLIST_FILE = "$(SRCROOT)/Binder/Ressources/Info.plist";
				IPHONEOS_DEPLOYMENT_TARGET = 9.0;
				LD_RUNPATH_SEARCH_PATHS = "$(inherited) @executable_path/Frameworks";
				PRODUCT_BUNDLE_IDENTIFIER = "fr.univ-lyon1.Binder";
				PRODUCT_NAME = "$(TARGET_NAME)";
				SWIFT_VERSION = 3.0;
				TARGETED_DEVICE_FAMILY = "1,2";
			};
			name = Release;
		};
/* End XCBuildConfiguration section */

/* Begin XCConfigurationList section */
		B8502D221E8BEA920035AE5F /* Build configuration list for PBXProject "Binder" */ = {
			isa = XCConfigurationList;
			buildConfigurations = (
				B8502D4F1E8BEA940035AE5F /* Debug */,
				B8502D501E8BEA940035AE5F /* Release */,
			);
			defaultConfigurationIsVisible = 0;
			defaultConfigurationName = Release;
		};
		B8502D511E8BEA940035AE5F /* Build configuration list for PBXNativeTarget "Binder" */ = {
			isa = XCConfigurationList;
			buildConfigurations = (
				B8502D521E8BEA940035AE5F /* Debug */,
				B8502D531E8BEA940035AE5F /* Release */,
			);
			defaultConfigurationIsVisible = 0;
			defaultConfigurationName = Release;
		};
/* End XCConfigurationList section */
	};
	rootObject = B8502D1F1E8BEA920035AE5F /* Project object */;
}
